# Exact Windows runtime captured from the validated Python 3.12.10 release.
# Update this file deliberately when the embedded runtime must change.
aiohappyeyeballs==2.7.1
aiohttp==3.13.5
aiosignal==1.4.0
annotated-doc==0.0.5
annotated-types==0.8.0
anyio==4.14.2
attrs==26.1.0
autocommand==2.2.2
backports.tarfile==1.2.0
bottle==0.13.4
certifi==2026.2.25
cffi==2.1.1
click==8.4.2
clr-loader==0.3.1
colorama==0.4.6
fastapi==0.135.3
frozenlist==1.8.0
h11==0.16.0
httptools==0.8.0
idna==3.18
importlib-metadata==8.7.1
jaraco-context==6.1.0
jaraco-functools==4.4.0
jaraco-text==4.0.0
more-itertools==10.8.0
multidict==6.7.1
packaging==26.0
pillow==12.2.0
pillow-heif==1.5.0
platformdirs==4.4.0
propcache==0.5.2
proxy-tools==0.1.0
pycparser==3.0
pydantic==2.13.4
pydantic-core==2.46.4
python-dotenv==1.2.2
pythonnet==3.1.0
pywebview==6.1
pywin32==312
pyyaml==6.0.3
starlette==1.4.1
tomli==2.4.0
typing-extensions==4.16.0
typing-inspection==0.4.2
uvicorn==0.44.0
watchfiles==1.2.0
websockets==16.0
yarl==1.24.5
zipp==3.23.0
